
Microsoft Visual Studio Solution File, Format Version 12.00
# Visual Studio Version 17
VisualStudioVersion = 17.3.32825.248
MinimumVisualStudioVersion = 10.0.40219.1
Project("{FAE04EC0-301F-11D3-BF4B-00C04F79EFBC}") = "5KuyLeastCommonMultiple", "5KuyLeastCommonMultiple\5KuyLeastCommonMultiple.csproj", "{2FCF5814-13AF-426E-9FD4-BEDB4F8A318B}"
EndProject
Global
	GlobalSection(SolutionConfigurationPlatforms) = preSolution
		Debug|Any CPU = Debug|Any CPU
		Release|Any CPU = Release|Any CPU
	EndGlobalSection
	GlobalSection(ProjectConfigurationPlatforms) = postSolution
		{2FCF5814-13AF-426E-9FD4-BEDB4F8A318B}.Debug|Any CPU.ActiveCfg = Debug|Any CPU
		{2FCF5814-13AF-426E-9FD4-BEDB4F8A318B}.Debug|Any CPU.Build.0 = Debug|Any CPU
		{2FCF5814-13AF-426E-9FD4-BEDB4F8A318B}.Release|Any CPU.ActiveCfg = Release|Any CPU
		{2FCF5814-13AF-426E-9FD4-BEDB4F8A318B}.Release|Any CPU.Build.0 = Release|Any CPU
	EndGlobalSection
	GlobalSection(SolutionProperties) = preSolution
		HideSolutionNode = FALSE
	EndGlobalSection
	GlobalSection(ExtensibilityGlobals) = postSolution
		SolutionGuid = {4320DFDA-1C62-45BD-B3D7-F197E8BD0652}
	EndGlobalSection
EndGlobal
